
Microsoft Visual Studio Solution File, Format Version 12.00
# Visual Studio Version 17
VisualStudioVersion = 17.4.33205.214
MinimumVisualStudioVersion = 10.0.40219.1
Project("{FAE04EC0-301F-11D3-BF4B-00C04F79EFBC}") = "Session-03", "Session-03\Session-03.csproj", "{4680F27C-C162-4F68-9433-CCC1C00BD4B6}"
EndProject
Global
	GlobalSection(SolutionConfigurationPlatforms) = preSolution
		Debug|Any CPU = Debug|Any CPU
		Release|Any CPU = Release|Any CPU
	EndGlobalSection
	GlobalSection(ProjectConfigurationPlatforms) = postSolution
		{4680F27C-C162-4F68-9433-CCC1C00BD4B6}.Debug|Any CPU.ActiveCfg = Debug|Any CPU
		{4680F27C-C162-4F68-9433-CCC1C00BD4B6}.Debug|Any CPU.Build.0 = Debug|Any CPU
		{4680F27C-C162-4F68-9433-CCC1C00BD4B6}.Release|Any CPU.ActiveCfg = Release|Any CPU
		{4680F27C-C162-4F68-9433-CCC1C00BD4B6}.Release|Any CPU.Build.0 = Release|Any CPU
	EndGlobalSection
	GlobalSection(SolutionProperties) = preSolution
		HideSolutionNode = FALSE
	EndGlobalSection
	GlobalSection(ExtensibilityGlobals) = postSolution
		SolutionGuid = {293D6C21-C37B-4736-943E-8D879E881C94}
	EndGlobalSection
EndGlobal
